// !$*UTF8*$!
{
	archiveVersion = 1;
	classes = {
	};
	objectVersion = 46;
	objects = {

/* Begin PBXBuildFile section */
		9C4F92481A2537FF00F84200 /* PlacesListViewController.swift in Sources */ = {isa = PBXBuildFile; fileRef = 9C4F92471A2537FF00F84200 /* PlacesListViewController.swift */; };
		9C52A31419C546A10067D349 /* Alamofire.framework in Frameworks */ = {isa = PBXBuildFile; fileRef = 9CB8DA9A19B56A4F00E4C030 /* Alamofire.framework */; };
		9C52A31619C546F50067D349 /* Alamofire.framework in CopyFiles */ = {isa = PBXBuildFile; fileRef = 9CB8DA9A19B56A4F00E4C030 /* Alamofire.framework */; settings = {ATTRIBUTES = (CodeSignOnCopy, RemoveHeadersOnCopy, ); }; };
		9C7905F119C49AF8006649A3 /* MainViewController.swift in Sources */ = {isa = PBXBuildFile; fileRef = 9C7905F019C49AF8006649A3 /* MainViewController.swift */; };
		9C86D4A019F4A45A00E3C30F /* ContactsViewController.swift in Sources */ = {isa = PBXBuildFile; fileRef = 9C86D49F19F4A45A00E3C30F /* ContactsViewController.swift */; };
		9C8861E619C5F51E00943DB3 /* Contact.swift in Sources */ = {isa = PBXBuildFile; fileRef = 9C8861E519C5F51E00943DB3 /* Contact.swift */; };
		9C8861EB19C64FFA00943DB3 /* PersonLocationViewController.swift in Sources */ = {isa = PBXBuildFile; fileRef = 9C8861EA19C64FFA00943DB3 /* PersonLocationViewController.swift */; };
		9CABA0711A3BFEE2000FDE21 /* NewPlaceViewController.swift in Sources */ = {isa = PBXBuildFile; fileRef = 9CABA0701A3BFEE2000FDE21 /* NewPlaceViewController.swift */; };
		9CB8DA7819B55DFE00E4C030 /* AppDelegate.swift in Sources */ = {isa = PBXBuildFile; fileRef = 9CB8DA7719B55DFE00E4C030 /* AppDelegate.swift */; };
		9CB8DA7A19B55DFE00E4C030 /* LoginViewController.swift in Sources */ = {isa = PBXBuildFile; fileRef = 9CB8DA7919B55DFE00E4C030 /* LoginViewController.swift */; };
		9CB8DA7D19B55DFE00E4C030 /* Main.storyboard in Resources */ = {isa = PBXBuildFile; fileRef = 9CB8DA7B19B55DFE00E4C030 /* Main.storyboard */; };
		9CB8DA7F19B55DFE00E4C030 /* Images.xcassets in Resources */ = {isa = PBXBuildFile; fileRef = 9CB8DA7E19B55DFE00E4C030 /* Images.xcassets */; };
		9CB8DA8B19B55DFE00E4C030 /* gardiner_iosTests.swift in Sources */ = {isa = PBXBuildFile; fileRef = 9CB8DA8A19B55DFE00E4C030 /* gardiner_iosTests.swift */; };
		9CC6DF1319B73FCF0018A674 /* RestApi.swift in Sources */ = {isa = PBXBuildFile; fileRef = 9CC6DF1219B73FCF0018A674 /* RestApi.swift */; };
		9CDB38171A3CE89D00F52A26 /* NewPlace2ViewController.swift in Sources */ = {isa = PBXBuildFile; fileRef = 9CDB38161A3CE89D00F52A26 /* NewPlace2ViewController.swift */; };
/* End PBXBuildFile section */

/* Begin PBXContainerItemProxy section */
		9CB8DA8519B55DFE00E4C030 /* PBXContainerItemProxy */ = {
			isa = PBXContainerItemProxy;
			containerPortal = 9CB8DA6A19B55DFD00E4C030 /* Project object */;
			proxyType = 1;
			remoteGlobalIDString = 9CB8DA7119B55DFD00E4C030;
			remoteInfo = "gardiner-ios";
		};
		9CB8DA9919B56A4F00E4C030 /* PBXContainerItemProxy */ = {
			isa = PBXContainerItemProxy;
			containerPortal = 9CB8DA9419B56A4F00E4C030 /* Alamofire.xcodeproj */;
			proxyType = 2;
			remoteGlobalIDString = F8111E3319A95C8B0040E7D1;
			remoteInfo = Alamofire;
		};
		9CB8DA9B19B56A4F00E4C030 /* PBXContainerItemProxy */ = {
			isa = PBXContainerItemProxy;
			containerPortal = 9CB8DA9419B56A4F00E4C030 /* Alamofire.xcodeproj */;
			proxyType = 2;
			remoteGlobalIDString = F8111E3E19A95C8B0040E7D1;
			remoteInfo = AlamofireTests;
		};
		9CB8DA9E19B56AA600E4C030 /* PBXContainerItemProxy */ = {
			isa = PBXContainerItemProxy;
			containerPortal = 9CB8DA9419B56A4F00E4C030 /* Alamofire.xcodeproj */;
			proxyType = 1;
			remoteGlobalIDString = F8111E3219A95C8B0040E7D1;
			remoteInfo = Alamofire;
		};
/* End PBXContainerItemProxy section */

/* Begin PBXCopyFilesBuildPhase section */
		9C52A31519C546D90067D349 /* CopyFiles */ = {
			isa = PBXCopyFilesBuildPhase;
			buildActionMask = 2147483647;
			dstPath = "";
			dstSubfolderSpec = 10;
			files = (
				9C52A31619C546F50067D349 /* Alamofire.framework in CopyFiles */,
			);
			runOnlyForDeploymentPostprocessing = 0;
		};
/* End PBXCopyFilesBuildPhase section */

/* Begin PBXFileReference section */
		9C4F92471A2537FF00F84200 /* PlacesListViewController.swift */ = {isa = PBXFileReference; fileEncoding = 4; lastKnownFileType = sourcecode.swift; path = PlacesListViewController.swift; sourceTree = "<group>"; };
		9C7905F019C49AF8006649A3 /* MainViewController.swift */ = {isa = PBXFileReference; fileEncoding = 4; lastKnownFileType = sourcecode.swift; path = MainViewController.swift; sourceTree = "<group>"; };
		9C86D49F19F4A45A00E3C30F /* ContactsViewController.swift */ = {isa = PBXFileReference; fileEncoding = 4; lastKnownFileType = sourcecode.swift; path = ContactsViewController.swift; sourceTree = "<group>"; };
		9C8861E519C5F51E00943DB3 /* Contact.swift */ = {isa = PBXFileReference; fileEncoding = 4; lastKnownFileType = sourcecode.swift; path = Contact.swift; sourceTree = "<group>"; };
		9C8861EA19C64FFA00943DB3 /* PersonLocationViewController.swift */ = {isa = PBXFileReference; fileEncoding = 4; lastKnownFileType = sourcecode.swift; path = PersonLocationViewController.swift; sourceTree = "<group>"; };
		9CABA0701A3BFEE2000FDE21 /* NewPlaceViewController.swift */ = {isa = PBXFileReference; fileEncoding = 4; lastKnownFileType = sourcecode.swift; path = NewPlaceViewController.swift; sourceTree = "<group>"; };
		9CB8DA7219B55DFE00E4C030 /* Gardiner.app */ = {isa = PBXFileReference; explicitFileType = wrapper.application; includeInIndex = 0; path = Gardiner.app; sourceTree = BUILT_PRODUCTS_DIR; };
		9CB8DA7619B55DFE00E4C030 /* Info.plist */ = {isa = PBXFileReference; lastKnownFileType = text.plist.xml; path = Info.plist; sourceTree = "<group>"; };
		9CB8DA7719B55DFE00E4C030 /* AppDelegate.swift */ = {isa = PBXFileReference; lastKnownFileType = sourcecode.swift; path = AppDelegate.swift; sourceTree = "<group>"; };
		9CB8DA7919B55DFE00E4C030 /* LoginViewController.swift */ = {isa = PBXFileReference; lastKnownFileType = sourcecode.swift; path = LoginViewController.swift; sourceTree = "<group>"; };
		9CB8DA7C19B55DFE00E4C030 /* Base */ = {isa = PBXFileReference; lastKnownFileType = file.storyboard; name = Base; path = Base.lproj/Main.storyboard; sourceTree = "<group>"; };
		9CB8DA7E19B55DFE00E4C030 /* Images.xcassets */ = {isa = PBXFileReference; lastKnownFileType = folder.assetcatalog; path = Images.xcassets; sourceTree = "<group>"; };
		9CB8DA8419B55DFE00E4C030 /* gardiner-iosTests.xctest */ = {isa = PBXFileReference; explicitFileType = wrapper.cfbundle; includeInIndex = 0; path = "gardiner-iosTests.xctest"; sourceTree = BUILT_PRODUCTS_DIR; };
		9CB8DA8919B55DFE00E4C030 /* Info.plist */ = {isa = PBXFileReference; lastKnownFileType = text.plist.xml; path = Info.plist; sourceTree = "<group>"; };
		9CB8DA8A19B55DFE00E4C030 /* gardiner_iosTests.swift */ = {isa = PBXFileReference; lastKnownFileType = sourcecode.swift; path = gardiner_iosTests.swift; sourceTree = "<group>"; };
		9CB8DA9419B56A4F00E4C030 /* Alamofire.xcodeproj */ = {isa = PBXFileReference; lastKnownFileType = "wrapper.pb-project"; name = Alamofire.xcodeproj; path = Alamofire/Alamofire.xcodeproj; sourceTree = "<group>"; };
		9CC6DF1219B73FCF0018A674 /* RestApi.swift */ = {isa = PBXFileReference; fileEncoding = 4; lastKnownFileType = sourcecode.swift; path = RestApi.swift; sourceTree = "<group>"; };
		9CDB38161A3CE89D00F52A26 /* NewPlace2ViewController.swift */ = {isa = PBXFileReference; fileEncoding = 4; lastKnownFileType = sourcecode.swift; path = NewPlace2ViewController.swift; sourceTree = "<group>"; };
/* End PBXFileReference section */

/* Begin PBXFrameworksBuildPhase section */
		9CB8DA6F19B55DFD00E4C030 /* Frameworks */ = {
			isa = PBXFrameworksBuildPhase;
			buildActionMask = 2147483647;
			files = (
				9C52A31419C546A10067D349 /* Alamofire.framework in Frameworks */,
			);
			runOnlyForDeploymentPostprocessing = 0;
		};
		9CB8DA8119B55DFE00E4C030 /* Frameworks */ = {
			isa = PBXFrameworksBuildPhase;
			buildActionMask = 2147483647;
			files = (
			);
			runOnlyForDeploymentPostprocessing = 0;
		};
/* End PBXFrameworksBuildPhase section */

/* Begin PBXGroup section */
		9CB8DA6919B55DFD00E4C030 = {
			isa = PBXGroup;
			children = (
				9CB8DA7419B55DFE00E4C030 /* gardiner-ios */,
				9CB8DA8719B55DFE00E4C030 /* gardiner-iosTests */,
				9CB8DA7319B55DFE00E4C030 /* Products */,
				9CB8DA9419B56A4F00E4C030 /* Alamofire.xcodeproj */,
			);
			sourceTree = "<group>";
		};
		9CB8DA7319B55DFE00E4C030 /* Products */ = {
			isa = PBXGroup;
			children = (
				9CB8DA7219B55DFE00E4C030 /* Gardiner.app */,
				9CB8DA8419B55DFE00E4C030 /* gardiner-iosTests.xctest */,
			);
			name = Products;
			sourceTree = "<group>";
		};
		9CB8DA7419B55DFE00E4C030 /* gardiner-ios */ = {
			isa = PBXGroup;
			children = (
				9CB8DA7719B55DFE00E4C030 /* AppDelegate.swift */,
				9CB8DA7919B55DFE00E4C030 /* LoginViewController.swift */,
				9CC6DF1219B73FCF0018A674 /* RestApi.swift */,
				9C7905F019C49AF8006649A3 /* MainViewController.swift */,
				9C8861E519C5F51E00943DB3 /* Contact.swift */,
				9CB8DA7B19B55DFE00E4C030 /* Main.storyboard */,
				9CABA0701A3BFEE2000FDE21 /* NewPlaceViewController.swift */,
				9CDB38161A3CE89D00F52A26 /* NewPlace2ViewController.swift */,
				9CB8DA7E19B55DFE00E4C030 /* Images.xcassets */,
				9CB8DA7519B55DFE00E4C030 /* Supporting Files */,
				9C8861EA19C64FFA00943DB3 /* PersonLocationViewController.swift */,
				9C86D49F19F4A45A00E3C30F /* ContactsViewController.swift */,
				9C4F92471A2537FF00F84200 /* PlacesListViewController.swift */,
			);
			path = "gardiner-ios";
			sourceTree = "<group>";
		};
		9CB8DA7519B55DFE00E4C030 /* Supporting Files */ = {
			isa = PBXGroup;
			children = (
				9CB8DA7619B55DFE00E4C030 /* Info.plist */,
			);
			name = "Supporting Files";
			sourceTree = "<group>";
		};
		9CB8DA8719B55DFE00E4C030 /* gardiner-iosTests */ = {
			isa = PBXGroup;
			children = (
				9CB8DA8A19B55DFE00E4C030 /* gardiner_iosTests.swift */,
				9CB8DA8819B55DFE00E4C030 /* Supporting Files */,
			);
			path = "gardiner-iosTests";
			sourceTree = "<group>";
		};
		9CB8DA8819B55DFE00E4C030 /* Supporting Files */ = {
			isa = PBXGroup;
			children = (
				9CB8DA8919B55DFE00E4C030 /* Info.plist */,
			);
			name = "Supporting Files";
			sourceTree = "<group>";
		};
		9CB8DA9519B56A4F00E4C030 /* Products */ = {
			isa = PBXGroup;
			children = (
				9CB8DA9A19B56A4F00E4C030 /* Alamofire.framework */,
				9CB8DA9C19B56A4F00E4C030 /* AlamofireTests.xctest */,
			);
			name = Products;
			sourceTree = "<group>";
		};
/* End PBXGroup section */

/* Begin PBXNativeTarget section */
		9CB8DA7119B55DFD00E4C030 /* Gardiner */ = {
			isa = PBXNativeTarget;
			buildConfigurationList = 9CB8DA8E19B55DFE00E4C030 /* Build configuration list for PBXNativeTarget "Gardiner" */;
			buildPhases = (
				9CB8DA6E19B55DFD00E4C030 /* Sources */,
				9CB8DA6F19B55DFD00E4C030 /* Frameworks */,
				9CB8DA7019B55DFD00E4C030 /* Resources */,
				9C52A31519C546D90067D349 /* CopyFiles */,
			);
			buildRules = (
			);
			dependencies = (
				9CB8DA9F19B56AA600E4C030 /* PBXTargetDependency */,
			);
			name = Gardiner;
			productName = "gardiner-ios";
			productReference = 9CB8DA7219B55DFE00E4C030 /* Gardiner.app */;
			productType = "com.apple.product-type.application";
		};
		9CB8DA8319B55DFE00E4C030 /* gardiner-iosTests */ = {
			isa = PBXNativeTarget;
			buildConfigurationList = 9CB8DA9119B55DFE00E4C030 /* Build configuration list for PBXNativeTarget "gardiner-iosTests" */;
			buildPhases = (
				9CB8DA8019B55DFE00E4C030 /* Sources */,
				9CB8DA8119B55DFE00E4C030 /* Frameworks */,
				9CB8DA8219B55DFE00E4C030 /* Resources */,
			);
			buildRules = (
			);
			dependencies = (
				9CB8DA8619B55DFE00E4C030 /* PBXTargetDependency */,
			);
			name = "gardiner-iosTests";
			productName = "gardiner-iosTests";
			productReference = 9CB8DA8419B55DFE00E4C030 /* gardiner-iosTests.xctest */;
			productType = "com.apple.product-type.bundle.unit-test";
		};
/* End PBXNativeTarget section */

/* Begin PBXProject section */
		9CB8DA6A19B55DFD00E4C030 /* Project object */ = {
			isa = PBXProject;
			attributes = {
				LastUpgradeCheck = 0600;
				ORGANIZATIONNAME = "Bilal Akhtar";
				TargetAttributes = {
					9CB8DA7119B55DFD00E4C030 = {
						CreatedOnToolsVersion = 6.0;
					};
					9CB8DA8319B55DFE00E4C030 = {
						CreatedOnToolsVersion = 6.0;
						TestTargetID = 9CB8DA7119B55DFD00E4C030;
					};
				};
			};
			buildConfigurationList = 9CB8DA6D19B55DFD00E4C030 /* Build configuration list for PBXProject "gardiner-ios" */;
			compatibilityVersion = "Xcode 3.2";
			developmentRegion = English;
			hasScannedForEncodings = 0;
			knownRegions = (
				en,
				Base,
			);
			mainGroup = 9CB8DA6919B55DFD00E4C030;
			productRefGroup = 9CB8DA7319B55DFE00E4C030 /* Products */;
			projectDirPath = "";
			projectReferences = (
				{
					ProductGroup = 9CB8DA9519B56A4F00E4C030 /* Products */;
					ProjectRef = 9CB8DA9419B56A4F00E4C030 /* Alamofire.xcodeproj */;
				},
			);
			projectRoot = "";
			targets = (
				9CB8DA7119B55DFD00E4C030 /* Gardiner */,
				9CB8DA8319B55DFE00E4C030 /* gardiner-iosTests */,
			);
		};
/* End PBXProject section */

/* Begin PBXReferenceProxy section */
		9CB8DA9A19B56A4F00E4C030 /* Alamofire.framework */ = {
			isa = PBXReferenceProxy;
			fileType = wrapper.framework;
			path = Alamofire.framework;
			remoteRef = 9CB8DA9919B56A4F00E4C030 /* PBXContainerItemProxy */;
			sourceTree = BUILT_PRODUCTS_DIR;
		};
		9CB8DA9C19B56A4F00E4C030 /* AlamofireTests.xctest */ = {
			isa = PBXReferenceProxy;
			fileType = wrapper.cfbundle;
			path = AlamofireTests.xctest;
			remoteRef = 9CB8DA9B19B56A4F00E4C030 /* PBXContainerItemProxy */;
			sourceTree = BUILT_PRODUCTS_DIR;
		};
/* End PBXReferenceProxy section */

/* Begin PBXResourcesBuildPhase section */
		9CB8DA7019B55DFD00E4C030 /* Resources */ = {
			isa = PBXResourcesBuildPhase;
			buildActionMask = 2147483647;
			files = (
				9CB8DA7D19B55DFE00E4C030 /* Main.storyboard in Resources */,
				9CB8DA7F19B55DFE00E4C030 /* Images.xcassets in Resources */,
			);
			runOnlyForDeploymentPostprocessing = 0;
		};
		9CB8DA8219B55DFE00E4C030 /* Resources */ = {
			isa = PBXResourcesBuildPhase;
			buildActionMask = 2147483647;
			files = (
			);
			runOnlyForDeploymentPostprocessing = 0;
		};
/* End PBXResourcesBuildPhase section */

/* Begin PBXSourcesBuildPhase section */
		9CB8DA6E19B55DFD00E4C030 /* Sources */ = {
			isa = PBXSourcesBuildPhase;
			buildActionMask = 2147483647;
			files = (
				9C8861EB19C64FFA00943DB3 /* PersonLocationViewController.swift in Sources */,
				9C86D4A019F4A45A00E3C30F /* ContactsViewController.swift in Sources */,
				9CB8DA7A19B55DFE00E4C030 /* LoginViewController.swift in Sources */,
				9CB8DA7819B55DFE00E4C030 /* AppDelegate.swift in Sources */,
				9C4F92481A2537FF00F84200 /* PlacesListViewController.swift in Sources */,
				9C8861E619C5F51E00943DB3 /* Contact.swift in Sources */,
				9CC6DF1319B73FCF0018A674 /* RestApi.swift in Sources */,
				9CABA0711A3BFEE2000FDE21 /* NewPlaceViewController.swift in Sources */,
				9CDB38171A3CE89D00F52A26 /* NewPlace2ViewController.swift in Sources */,
				9C7905F119C49AF8006649A3 /* MainViewController.swift in Sources */,
			);
			runOnlyForDeploymentPostprocessing = 0;
		};
		9CB8DA8019B55DFE00E4C030 /* Sources */ = {
			isa = PBXSourcesBuildPhase;
			buildActionMask = 2147483647;
			files = (
				9CB8DA8B19B55DFE00E4C030 /* gardiner_iosTests.swift in Sources */,
			);
			runOnlyForDeploymentPostprocessing = 0;
		};
/* End PBXSourcesBuildPhase section */

/* Begin PBXTargetDependency section */
		9CB8DA8619B55DFE00E4C030 /* PBXTargetDependency */ = {
			isa = PBXTargetDependency;
			target = 9CB8DA7119B55DFD00E4C030 /* Gardiner */;
			targetProxy = 9CB8DA8519B55DFE00E4C030 /* PBXContainerItemProxy */;
		};
		9CB8DA9F19B56AA600E4C030 /* PBXTargetDependency */ = {
			isa = PBXTargetDependency;
			name = Alamofire;
			targetProxy = 9CB8DA9E19B56AA600E4C030 /* PBXContainerItemProxy */;
		};
/* End PBXTargetDependency section */

/* Begin PBXVariantGroup section */
		9CB8DA7B19B55DFE00E4C030 /* Main.storyboard */ = {
			isa = PBXVariantGroup;
			children = (
				9CB8DA7C19B55DFE00E4C030 /* Base */,
			);
			name = Main.storyboard;
			sourceTree = "<group>";
		};
/* End PBXVariantGroup section */

/* Begin XCBuildConfiguration section */
		9CB8DA8C19B55DFE00E4C030 /* Debug */ = {
			isa = XCBuildConfiguration;
			buildSettings = {
				ALWAYS_SEARCH_USER_PATHS = NO;
				CLANG_CXX_LANGUAGE_STANDARD = "gnu++0x";
				CLANG_CXX_LIBRARY = "libc++";
				CLANG_ENABLE_MODULES = YES;
				CLANG_ENABLE_OBJC_ARC = YES;
				CLANG_WARN_BOOL_CONVERSION = YES;
				CLANG_WARN_CONSTANT_CONVERSION = YES;
				CLANG_WARN_DIRECT_OBJC_ISA_USAGE = YES_ERROR;
				CLANG_WARN_EMPTY_BODY = YES;
				CLANG_WARN_ENUM_CONVERSION = YES;
				CLANG_WARN_INT_CONVERSION = YES;
				CLANG_WARN_OBJC_ROOT_CLASS = YES_ERROR;
				CLANG_WARN_UNREACHABLE_CODE = YES;
				CLANG_WARN__DUPLICATE_METHOD_MATCH = YES;
				"CODE_SIGN_IDENTITY[sdk=iphoneos*]" = "iPhone Developer";
				COPY_PHASE_STRIP = NO;
				ENABLE_STRICT_OBJC_MSGSEND = YES;
				GCC_C_LANGUAGE_STANDARD = gnu99;
				GCC_DYNAMIC_NO_PIC = NO;
				GCC_OPTIMIZATION_LEVEL = 0;
				GCC_PREPROCESSOR_DEFINITIONS = (
					"DEBUG=1",
					"$(inherited)",
				);
				GCC_SYMBOLS_PRIVATE_EXTERN = NO;
				GCC_WARN_64_TO_32_BIT_CONVERSION = YES;
				GCC_WARN_ABOUT_RETURN_TYPE = YES_ERROR;
				GCC_WARN_UNDECLARED_SELECTOR = YES;
				GCC_WARN_UNINITIALIZED_AUTOS = YES_AGGRESSIVE;
				GCC_WARN_UNUSED_FUNCTION = YES;
				GCC_WARN_UNUSED_VARIABLE = YES;
				IPHONEOS_DEPLOYMENT_TARGET = 8.0;
				MTL_ENABLE_DEBUG_INFO = YES;
				ONLY_ACTIVE_ARCH = YES;
				SDKROOT = iphoneos;
				SWIFT_OPTIMIZATION_LEVEL = "-Onone";
			};
			name = Debug;
		};
		9CB8DA8D19B55DFE00E4C030 /* Release */ = {
			isa = XCBuildConfiguration;
			buildSettings = {
				ALWAYS_SEARCH_USER_PATHS = NO;
				CLANG_CXX_LANGUAGE_STANDARD = "gnu++0x";
				CLANG_CXX_LIBRARY = "libc++";
				CLANG_ENABLE_MODULES = YES;
				CLANG_ENABLE_OBJC_ARC = YES;
				CLANG_WARN_BOOL_CONVERSION = YES;
				CLANG_WARN_CONSTANT_CONVERSION = YES;
				CLANG_WARN_DIRECT_OBJC_ISA_USAGE = YES_ERROR;
				CLANG_WARN_EMPTY_BODY = YES;
				CLANG_WARN_ENUM_CONVERSION = YES;
				CLANG_WARN_INT_CONVERSION = YES;
				CLANG_WARN_OBJC_ROOT_CLASS = YES_ERROR;
				CLANG_WARN_UNREACHABLE_CODE = YES;
				CLANG_WARN__DUPLICATE_METHOD_MATCH = YES;
				"CODE_SIGN_IDENTITY[sdk=iphoneos*]" = "iPhone Developer";
				COPY_PHASE_STRIP = YES;
				ENABLE_NS_ASSERTIONS = NO;
				ENABLE_STRICT_OBJC_MSGSEND = YES;
				GCC_C_LANGUAGE_STANDARD = gnu99;
				GCC_WARN_64_TO_32_BIT_CONVERSION = YES;
				GCC_WARN_ABOUT_RETURN_TYPE = YES_ERROR;
				GCC_WARN_UNDECLARED_SELECTOR = YES;
				GCC_WARN_UNINITIALIZED_AUTOS = YES_AGGRESSIVE;
				GCC_WARN_UNUSED_FUNCTION = YES;
				GCC_WARN_UNUSED_VARIABLE = YES;
				IPHONEOS_DEPLOYMENT_TARGET = 8.0;
				MTL_ENABLE_DEBUG_INFO = NO;
				SDKROOT = iphoneos;
				VALIDATE_PRODUCT = YES;
			};
			name = Release;
		};
		9CB8DA8F19B55DFE00E4C030 /* Debug */ = {
			isa = XCBuildConfiguration;
			buildSettings = {
				ASSETCATALOG_COMPILER_APPICON_NAME = AppIcon;
				ASSETCATALOG_COMPILER_LAUNCHIMAGE_NAME = LaunchImage;
				INFOPLIST_FILE = "gardiner-ios/Info.plist";
				IPHONEOS_DEPLOYMENT_TARGET = 8.0;
				LD_RUNPATH_SEARCH_PATHS = "$(inherited) @executable_path/Frameworks";
				PRODUCT_NAME = "$(TARGET_NAME)";
			};
			name = Debug;
		};
		9CB8DA9019B55DFE00E4C030 /* Release */ = {
			isa = XCBuildConfiguration;
			buildSettings = {
				ASSETCATALOG_COMPILER_APPICON_NAME = AppIcon;
				ASSETCATALOG_COMPILER_LAUNCHIMAGE_NAME = LaunchImage;
				INFOPLIST_FILE = "gardiner-ios/Info.plist";
				IPHONEOS_DEPLOYMENT_TARGET = 8.0;
				LD_RUNPATH_SEARCH_PATHS = "$(inherited) @executable_path/Frameworks";
				PRODUCT_NAME = "$(TARGET_NAME)";
			};
			name = Release;
		};
		9CB8DA9219B55DFE00E4C030 /* Debug */ = {
			isa = XCBuildConfiguration;
			buildSettings = {
				BUNDLE_LOADER = "$(TEST_HOST)";
				FRAMEWORK_SEARCH_PATHS = (
					"$(SDKROOT)/Developer/Library/Frameworks",
					"$(inherited)",
				);
				GCC_PREPROCESSOR_DEFINITIONS = (
					"DEBUG=1",
					"$(inherited)",
				);
				INFOPLIST_FILE = "gardiner-iosTests/Info.plist";
				LD_RUNPATH_SEARCH_PATHS = "$(inherited) @executable_path/Frameworks @loader_path/Frameworks";
				PRODUCT_NAME = "$(TARGET_NAME)";
				TEST_HOST = "$(BUILT_PRODUCTS_DIR)/gardiner-ios.app/gardiner-ios";
			};
			name = Debug;
		};
		9CB8DA9319B55DFE00E4C030 /* Release */ = {
			isa = XCBuildConfiguration;
			buildSettings = {
				BUNDLE_LOADER = "$(TEST_HOST)";
				FRAMEWORK_SEARCH_PATHS = (
					"$(SDKROOT)/Developer/Library/Frameworks",
					"$(inherited)",
				);
				INFOPLIST_FILE = "gardiner-iosTests/Info.plist";
				LD_RUNPATH_SEARCH_PATHS = "$(inherited) @executable_path/Frameworks @loader_path/Frameworks";
				PRODUCT_NAME = "$(TARGET_NAME)";
				TEST_HOST = "$(BUILT_PRODUCTS_DIR)/gardiner-ios.app/gardiner-ios";
			};
			name = Release;
		};
/* End XCBuildConfiguration section */

/* Begin XCConfigurationList section */
		9CB8DA6D19B55DFD00E4C030 /* Build configuration list for PBXProject "gardiner-ios" */ = {
			isa = XCConfigurationList;
			buildConfigurations = (
				9CB8DA8C19B55DFE00E4C030 /* Debug */,
				9CB8DA8D19B55DFE00E4C030 /* Release */,
			);
			defaultConfigurationIsVisible = 0;
			defaultConfigurationName = Release;
		};
		9CB8DA8E19B55DFE00E4C030 /* Build configuration list for PBXNativeTarget "Gardiner" */ = {
			isa = XCConfigurationList;
			buildConfigurations = (
				9CB8DA8F19B55DFE00E4C030 /* Debug */,
				9CB8DA9019B55DFE00E4C030 /* Release */,
			);
			defaultConfigurationIsVisible = 0;
			defaultConfigurationName = Release;
		};
		9CB8DA9119B55DFE00E4C030 /* Build configuration list for PBXNativeTarget "gardiner-iosTests" */ = {
			isa = XCConfigurationList;
			buildConfigurations = (
				9CB8DA9219B55DFE00E4C030 /* Debug */,
				9CB8DA9319B55DFE00E4C030 /* Release */,
			);
			defaultConfigurationIsVisible = 0;
			defaultConfigurationName = Release;
		};
/* End XCConfigurationList section */
	};
	rootObject = 9CB8DA6A19B55DFD00E4C030 /* Project object */;
}
